{
  "object": {
    "pins": [
      {
        "package": "Shari",
        "repositoryURL": "git@github.com:nakajijapan/Shari.git",
        "state": {
          "branch": "use-swift-package",
          "revision": "e188f8fe1c2cc416bcc295e2215327ab33b4b3ae",
          "version": null
        }
      }
    ]
  },
  "version": 1
}
