// !$*UTF8*$!
{
	archiveVersion = 1;
	classes = {
	};
	objectVersion = 46;
	objects = {

/* Begin PBXBuildFile section */
		DC9E67FE1C3005070095C3AB /* AppDelegate.swift in Sources */ = {isa = PBXBuildFile; fileRef = DC9E67FD1C3005070095C3AB /* AppDelegate.swift */; };
		DC9E68001C3005070095C3AB /* ViewController.swift in Sources */ = {isa = PBXBuildFile; fileRef = DC9E67FF1C3005070095C3AB /* ViewController.swift */; };
		DC9E68031C3005070095C3AB /* Main.storyboard in Resources */ = {isa = PBXBuildFile; fileRef = DC9E68011C3005070095C3AB /* Main.storyboard */; };
		DC9E68051C3005070095C3AB /* Assets.xcassets in Resources */ = {isa = PBXBuildFile; fileRef = DC9E68041C3005070095C3AB /* Assets.xcassets */; };
		DC9E683C1C30088F0095C3AB /* DetailViewController.swift in Sources */ = {isa = PBXBuildFile; fileRef = DC9E683A1C30088F0095C3AB /* DetailViewController.swift */; };
		DC9E683D1C30088F0095C3AB /* ModalTableViewController.swift in Sources */ = {isa = PBXBuildFile; fileRef = DC9E683B1C30088F0095C3AB /* ModalTableViewController.swift */; };
		DC9E68591C300C2E0095C3AB /* LaunchScreen.storyboard in Resources */ = {isa = PBXBuildFile; fileRef = DC9E68581C300C2E0095C3AB /* LaunchScreen.storyboard */; };
		DC9E686B1C300DAF0095C3AB /* Shari.framework in Frameworks */ = {isa = PBXBuildFile; fileRef = DC9E68221C3006C50095C3AB /* Shari.framework */; };
		DC9E686C1C300DAF0095C3AB /* Shari.framework in Embed Frameworks */ = {isa = PBXBuildFile; fileRef = DC9E68221C3006C50095C3AB /* Shari.framework */; settings = {ATTRIBUTES = (CodeSignOnCopy, RemoveHeadersOnCopy, ); }; };
/* End PBXBuildFile section */

/* Begin PBXContainerItemProxy section */
		DC9E681F1C3006C50095C3AB /* PBXContainerItemProxy */ = {
			isa = PBXContainerItemProxy;
			containerPortal = DC9E68171C3006C50095C3AB /* Shari.xcodeproj */;
			proxyType = 2;
			remoteGlobalIDString = 607FACE51AFB9204008FA782;
			remoteInfo = Shari_Tests;
		};
		DC9E68211C3006C50095C3AB /* PBXContainerItemProxy */ = {
			isa = PBXContainerItemProxy;
			containerPortal = DC9E68171C3006C50095C3AB /* Shari.xcodeproj */;
			proxyType = 2;
			remoteGlobalIDString = DC9E67C11C2FDC020095C3AB;
			remoteInfo = Shari;
		};
		DC9E686D1C300DAF0095C3AB /* PBXContainerItemProxy */ = {
			isa = PBXContainerItemProxy;
			containerPortal = DC9E68171C3006C50095C3AB /* Shari.xcodeproj */;
			proxyType = 1;
			remoteGlobalIDString = DC9E67C01C2FDC020095C3AB;
			remoteInfo = Shari;
		};
/* End PBXContainerItemProxy section */

/* Begin PBXCopyFilesBuildPhase section */
		DC9E686F1C300DAF0095C3AB /* Embed Frameworks */ = {
			isa = PBXCopyFilesBuildPhase;
			buildActionMask = 2147483647;
			dstPath = "";
			dstSubfolderSpec = 10;
			files = (
				DC9E686C1C300DAF0095C3AB /* Shari.framework in Embed Frameworks */,
			);
			name = "Embed Frameworks";
			runOnlyForDeploymentPostprocessing = 0;
		};
/* End PBXCopyFilesBuildPhase section */

/* Begin PBXFileReference section */
		DC9E67FA1C3005070095C3AB /* Shari-Demo.app */ = {isa = PBXFileReference; explicitFileType = wrapper.application; includeInIndex = 0; path = "Shari-Demo.app"; sourceTree = BUILT_PRODUCTS_DIR; };
		DC9E67FD1C3005070095C3AB /* AppDelegate.swift */ = {isa = PBXFileReference; lastKnownFileType = sourcecode.swift; path = AppDelegate.swift; sourceTree = "<group>"; };
		DC9E67FF1C3005070095C3AB /* ViewController.swift */ = {isa = PBXFileReference; lastKnownFileType = sourcecode.swift; path = ViewController.swift; sourceTree = "<group>"; };
		DC9E68021C3005070095C3AB /* Base */ = {isa = PBXFileReference; lastKnownFileType = file.storyboard; name = Base; path = Base.lproj/Main.storyboard; sourceTree = "<group>"; };
		DC9E68041C3005070095C3AB /* Assets.xcassets */ = {isa = PBXFileReference; lastKnownFileType = folder.assetcatalog; path = Assets.xcassets; sourceTree = "<group>"; };
		DC9E68091C3005070095C3AB /* Info.plist */ = {isa = PBXFileReference; lastKnownFileType = text.plist.xml; path = Info.plist; sourceTree = "<group>"; };
		DC9E68171C3006C50095C3AB /* Shari.xcodeproj */ = {isa = PBXFileReference; lastKnownFileType = "wrapper.pb-project"; path = Shari.xcodeproj; sourceTree = "<group>"; };
		DC9E683A1C30088F0095C3AB /* DetailViewController.swift */ = {isa = PBXFileReference; fileEncoding = 4; lastKnownFileType = sourcecode.swift; path = DetailViewController.swift; sourceTree = "<group>"; };
		DC9E683B1C30088F0095C3AB /* ModalTableViewController.swift */ = {isa = PBXFileReference; fileEncoding = 4; lastKnownFileType = sourcecode.swift; path = ModalTableViewController.swift; sourceTree = "<group>"; };
		DC9E68581C300C2E0095C3AB /* LaunchScreen.storyboard */ = {isa = PBXFileReference; fileEncoding = 4; lastKnownFileType = file.storyboard; path = LaunchScreen.storyboard; sourceTree = "<group>"; };
/* End PBXFileReference section */

/* Begin PBXFrameworksBuildPhase section */
		DC9E67F71C3005070095C3AB /* Frameworks */ = {
			isa = PBXFrameworksBuildPhase;
			buildActionMask = 2147483647;
			files = (
				DC9E686B1C300DAF0095C3AB /* Shari.framework in Frameworks */,
			);
			runOnlyForDeploymentPostprocessing = 0;
		};
/* End PBXFrameworksBuildPhase section */

/* Begin PBXGroup section */
		DC9E67F11C3005070095C3AB = {
			isa = PBXGroup;
			children = (
				DC9E67FC1C3005070095C3AB /* Shari-Demo */,
				DC9E67FB1C3005070095C3AB /* Products */,
				DC9E68171C3006C50095C3AB /* Shari.xcodeproj */,
			);
			sourceTree = "<group>";
		};
		DC9E67FB1C3005070095C3AB /* Products */ = {
			isa = PBXGroup;
			children = (
				DC9E67FA1C3005070095C3AB /* Shari-Demo.app */,
			);
			name = Products;
			sourceTree = "<group>";
		};
		DC9E67FC1C3005070095C3AB /* Shari-Demo */ = {
			isa = PBXGroup;
			children = (
				DC9E67FD1C3005070095C3AB /* AppDelegate.swift */,
				DC9E67FF1C3005070095C3AB /* ViewController.swift */,
				DC9E683A1C30088F0095C3AB /* DetailViewController.swift */,
				DC9E683B1C30088F0095C3AB /* ModalTableViewController.swift */,
				DC9E68011C3005070095C3AB /* Main.storyboard */,
				DC9E68041C3005070095C3AB /* Assets.xcassets */,
				DC9E68091C3005070095C3AB /* Info.plist */,
				DC9E68581C300C2E0095C3AB /* LaunchScreen.storyboard */,
			);
			path = "Shari-Demo";
			sourceTree = "<group>";
		};
		DC9E68181C3006C50095C3AB /* Products */ = {
			isa = PBXGroup;
			children = (
				DC9E68201C3006C50095C3AB /* Shari_Tests.xctest */,
				DC9E68221C3006C50095C3AB /* Shari.framework */,
			);
			name = Products;
			sourceTree = "<group>";
		};
/* End PBXGroup section */

/* Begin PBXNativeTarget section */
		DC9E67F91C3005070095C3AB /* Shari-Demo */ = {
			isa = PBXNativeTarget;
			buildConfigurationList = DC9E680C1C3005070095C3AB /* Build configuration list for PBXNativeTarget "Shari-Demo" */;
			buildPhases = (
				DC9E67F61C3005070095C3AB /* Sources */,
				DC9E67F71C3005070095C3AB /* Frameworks */,
				DC9E67F81C3005070095C3AB /* Resources */,
				DC9E686F1C300DAF0095C3AB /* Embed Frameworks */,
			);
			buildRules = (
			);
			dependencies = (
				DC9E686E1C300DAF0095C3AB /* PBXTargetDependency */,
			);
			name = "Shari-Demo";
			productName = "Shari-Demo";
			productReference = DC9E67FA1C3005070095C3AB /* Shari-Demo.app */;
			productType = "com.apple.product-type.application";
		};
/* End PBXNativeTarget section */

/* Begin PBXProject section */
		DC9E67F21C3005070095C3AB /* Project object */ = {
			isa = PBXProject;
			attributes = {
				LastSwiftUpdateCheck = 0720;
				LastUpgradeCheck = 0720;
				ORGANIZATIONNAME = nakajijapan;
				TargetAttributes = {
					DC9E67F91C3005070095C3AB = {
						CreatedOnToolsVersion = 7.2;
					};
				};
			};
			buildConfigurationList = DC9E67F51C3005070095C3AB /* Build configuration list for PBXProject "Shari-Demo" */;
			compatibilityVersion = "Xcode 3.2";
			developmentRegion = English;
			hasScannedForEncodings = 0;
			knownRegions = (
				en,
				Base,
			);
			mainGroup = DC9E67F11C3005070095C3AB;
			productRefGroup = DC9E67FB1C3005070095C3AB /* Products */;
			projectDirPath = "";
			projectReferences = (
				{
					ProductGroup = DC9E68181C3006C50095C3AB /* Products */;
					ProjectRef = DC9E68171C3006C50095C3AB /* Shari.xcodeproj */;
				},
			);
			projectRoot = "";
			targets = (
				DC9E67F91C3005070095C3AB /* Shari-Demo */,
			);
		};
/* End PBXProject section */

/* Begin PBXReferenceProxy section */
		DC9E68201C3006C50095C3AB /* Shari_Tests.xctest */ = {
			isa = PBXReferenceProxy;
			fileType = wrapper.cfbundle;
			path = Shari_Tests.xctest;
			remoteRef = DC9E681F1C3006C50095C3AB /* PBXContainerItemProxy */;
			sourceTree = BUILT_PRODUCTS_DIR;
		};
		DC9E68221C3006C50095C3AB /* Shari.framework */ = {
			isa = PBXReferenceProxy;
			fileType = wrapper.framework;
			path = Shari.framework;
			remoteRef = DC9E68211C3006C50095C3AB /* PBXContainerItemProxy */;
			sourceTree = BUILT_PRODUCTS_DIR;
		};
/* End PBXReferenceProxy section */

/* Begin PBXResourcesBuildPhase section */
		DC9E67F81C3005070095C3AB /* Resources */ = {
			isa = PBXResourcesBuildPhase;
			buildActionMask = 2147483647;
			files = (
				DC9E68591C300C2E0095C3AB /* LaunchScreen.storyboard in Resources */,
				DC9E68051C3005070095C3AB /* Assets.xcassets in Resources */,
				DC9E68031C3005070095C3AB /* Main.storyboard in Resources */,
			);
			runOnlyForDeploymentPostprocessing = 0;
		};
/* End PBXResourcesBuildPhase section */

/* Begin PBXSourcesBuildPhase section */
		DC9E67F61C3005070095C3AB /* Sources */ = {
			isa = PBXSourcesBuildPhase;
			buildActionMask = 2147483647;
			files = (
				DC9E683C1C30088F0095C3AB /* DetailViewController.swift in Sources */,
				DC9E683D1C30088F0095C3AB /* ModalTableViewController.swift in Sources */,
				DC9E68001C3005070095C3AB /* ViewController.swift in Sources */,
				DC9E67FE1C3005070095C3AB /* AppDelegate.swift in Sources */,
			);
			runOnlyForDeploymentPostprocessing = 0;
		};
/* End PBXSourcesBuildPhase section */

/* Begin PBXTargetDependency section */
		DC9E686E1C300DAF0095C3AB /* PBXTargetDependency */ = {
			isa = PBXTargetDependency;
			name = Shari;
			targetProxy = DC9E686D1C300DAF0095C3AB /* PBXContainerItemProxy */;
		};
/* End PBXTargetDependency section */

/* Begin PBXVariantGroup section */
		DC9E68011C3005070095C3AB /* Main.storyboard */ = {
			isa = PBXVariantGroup;
			children = (
				DC9E68021C3005070095C3AB /* Base */,
			);
			name = Main.storyboard;
			sourceTree = "<group>";
		};
/* End PBXVariantGroup section */

/* Begin XCBuildConfiguration section */
		DC9E680A1C3005070095C3AB /* Debug */ = {
			isa = XCBuildConfiguration;
			buildSettings = {
				ALWAYS_SEARCH_USER_PATHS = NO;
				CLANG_CXX_LANGUAGE_STANDARD = "gnu++0x";
				CLANG_CXX_LIBRARY = "libc++";
				CLANG_ENABLE_MODULES = YES;
				CLANG_ENABLE_OBJC_ARC = YES;
				CLANG_WARN_BOOL_CONVERSION = YES;
				CLANG_WARN_CONSTANT_CONVERSION = YES;
				CLANG_WARN_DIRECT_OBJC_ISA_USAGE = YES_ERROR;
				CLANG_WARN_EMPTY_BODY = YES;
				CLANG_WARN_ENUM_CONVERSION = YES;
				CLANG_WARN_INT_CONVERSION = YES;
				CLANG_WARN_OBJC_ROOT_CLASS = YES_ERROR;
				CLANG_WARN_UNREACHABLE_CODE = YES;
				CLANG_WARN__DUPLICATE_METHOD_MATCH = YES;
				"CODE_SIGN_IDENTITY[sdk=iphoneos*]" = "iPhone Developer";
				COPY_PHASE_STRIP = NO;
				DEBUG_INFORMATION_FORMAT = dwarf;
				ENABLE_STRICT_OBJC_MSGSEND = YES;
				ENABLE_TESTABILITY = YES;
				GCC_C_LANGUAGE_STANDARD = gnu99;
				GCC_DYNAMIC_NO_PIC = NO;
				GCC_NO_COMMON_BLOCKS = YES;
				GCC_OPTIMIZATION_LEVEL = 0;
				GCC_PREPROCESSOR_DEFINITIONS = (
					"DEBUG=1",
					"$(inherited)",
				);
				GCC_WARN_64_TO_32_BIT_CONVERSION = YES;
				GCC_WARN_ABOUT_RETURN_TYPE = YES_ERROR;
				GCC_WARN_UNDECLARED_SELECTOR = YES;
				GCC_WARN_UNINITIALIZED_AUTOS = YES_AGGRESSIVE;
				GCC_WARN_UNUSED_FUNCTION = YES;
				GCC_WARN_UNUSED_VARIABLE = YES;
				IPHONEOS_DEPLOYMENT_TARGET = 9.2;
				MTL_ENABLE_DEBUG_INFO = YES;
				ONLY_ACTIVE_ARCH = YES;
				SDKROOT = iphoneos;
				SWIFT_OPTIMIZATION_LEVEL = "-Onone";
			};
			name = Debug;
		};
		DC9E680B1C3005070095C3AB /* Release */ = {
			isa = XCBuildConfiguration;
			buildSettings = {
				ALWAYS_SEARCH_USER_PATHS = NO;
				CLANG_CXX_LANGUAGE_STANDARD = "gnu++0x";
				CLANG_CXX_LIBRARY = "libc++";
				CLANG_ENABLE_MODULES = YES;
				CLANG_ENABLE_OBJC_ARC = YES;
				CLANG_WARN_BOOL_CONVERSION = YES;
				CLANG_WARN_CONSTANT_CONVERSION = YES;
				CLANG_WARN_DIRECT_OBJC_ISA_USAGE = YES_ERROR;
				CLANG_WARN_EMPTY_BODY = YES;
				CLANG_WARN_ENUM_CONVERSION = YES;
				CLANG_WARN_INT_CONVERSION = YES;
				CLANG_WARN_OBJC_ROOT_CLASS = YES_ERROR;
				CLANG_WARN_UNREACHABLE_CODE = YES;
				CLANG_WARN__DUPLICATE_METHOD_MATCH = YES;
				"CODE_SIGN_IDENTITY[sdk=iphoneos*]" = "iPhone Developer";
				COPY_PHASE_STRIP = NO;
				DEBUG_INFORMATION_FORMAT = "dwarf-with-dsym";
				ENABLE_NS_ASSERTIONS = NO;
				ENABLE_STRICT_OBJC_MSGSEND = YES;
				GCC_C_LANGUAGE_STANDARD = gnu99;
				GCC_NO_COMMON_BLOCKS = YES;
				GCC_WARN_64_TO_32_BIT_CONVERSION = YES;
				GCC_WARN_ABOUT_RETURN_TYPE = YES_ERROR;
				GCC_WARN_UNDECLARED_SELECTOR = YES;
				GCC_WARN_UNINITIALIZED_AUTOS = YES_AGGRESSIVE;
				GCC_WARN_UNUSED_FUNCTION = YES;
				GCC_WARN_UNUSED_VARIABLE = YES;
				IPHONEOS_DEPLOYMENT_TARGET = 9.2;
				MTL_ENABLE_DEBUG_INFO = NO;
				SDKROOT = iphoneos;
				VALIDATE_PRODUCT = YES;
			};
			name = Release;
		};
		DC9E680D1C3005070095C3AB /* Debug */ = {
			isa = XCBuildConfiguration;
			buildSettings = {
				ASSETCATALOG_COMPILER_APPICON_NAME = AppIcon;
				INFOPLIST_FILE = "Shari-Demo/Info.plist";
				LD_RUNPATH_SEARCH_PATHS = "$(inherited) @executable_path/Frameworks";
				PRODUCT_BUNDLE_IDENTIFIER = "net.nakajijapan.Shari-Demo";
				PRODUCT_NAME = "$(TARGET_NAME)";
			};
			name = Debug;
		};
		DC9E680E1C3005070095C3AB /* Release */ = {
			isa = XCBuildConfiguration;
			buildSettings = {
				ASSETCATALOG_COMPILER_APPICON_NAME = AppIcon;
				INFOPLIST_FILE = "Shari-Demo/Info.plist";
				LD_RUNPATH_SEARCH_PATHS = "$(inherited) @executable_path/Frameworks";
				PRODUCT_BUNDLE_IDENTIFIER = "net.nakajijapan.Shari-Demo";
				PRODUCT_NAME = "$(TARGET_NAME)";
			};
			name = Release;
		};
/* End XCBuildConfiguration section */

/* Begin XCConfigurationList section */
		DC9E67F51C3005070095C3AB /* Build configuration list for PBXProject "Shari-Demo" */ = {
			isa = XCConfigurationList;
			buildConfigurations = (
				DC9E680A1C3005070095C3AB /* Debug */,
				DC9E680B1C3005070095C3AB /* Release */,
			);
			defaultConfigurationIsVisible = 0;
			defaultConfigurationName = Release;
		};
		DC9E680C1C3005070095C3AB /* Build configuration list for PBXNativeTarget "Shari-Demo" */ = {
			isa = XCConfigurationList;
			buildConfigurations = (
				DC9E680D1C3005070095C3AB /* Debug */,
				DC9E680E1C3005070095C3AB /* Release */,
			);
			defaultConfigurationIsVisible = 0;
			defaultConfigurationName = Release;
		};
/* End XCConfigurationList section */
	};
	rootObject = DC9E67F21C3005070095C3AB /* Project object */;
}
